
Microsoft Visual Studio Solution File, Format Version 12.00
# Visual Studio 15
VisualStudioVersion = 15.0.28010.2048
MinimumVisualStudioVersion = 10.0.40219.1
Project("{8BC9CEB8-8B4A-11D0-8D11-00A0C91BC942}") = "Level_Desert", "Level_Desert\Level_Desert.vcxproj", "{ED9ED1AA-77D7-4699-B262-0D9E26B430FA}"
EndProject
Global
	GlobalSection(SolutionConfigurationPlatforms) = preSolution
		Debug|x64 = Debug|x64
		Debug|x86 = Debug|x86
		Release|x64 = Release|x64
		Release|x86 = Release|x86
	EndGlobalSection
	GlobalSection(ProjectConfigurationPlatforms) = postSolution
		{ED9ED1AA-77D7-4699-B262-0D9E26B430FA}.Debug|x64.ActiveCfg = Debug|x64
		{ED9ED1AA-77D7-4699-B262-0D9E26B430FA}.Debug|x64.Build.0 = Debug|x64
		{ED9ED1AA-77D7-4699-B262-0D9E26B430FA}.Debug|x86.ActiveCfg = Debug|Win32
		{ED9ED1AA-77D7-4699-B262-0D9E26B430FA}.Debug|x86.Build.0 = Debug|Win32
		{ED9ED1AA-77D7-4699-B262-0D9E26B430FA}.Release|x64.ActiveCfg = Release|x64
		{ED9ED1AA-77D7-4699-B262-0D9E26B430FA}.Release|x64.Build.0 = Release|x64
		{ED9ED1AA-77D7-4699-B262-0D9E26B430FA}.Release|x86.ActiveCfg = Release|Win32
		{ED9ED1AA-77D7-4699-B262-0D9E26B430FA}.Release|x86.Build.0 = Release|Win32
	EndGlobalSection
	GlobalSection(SolutionProperties) = preSolution
		HideSolutionNode = FALSE
	EndGlobalSection
	GlobalSection(ExtensibilityGlobals) = postSolution
		SolutionGuid = {EF2AA813-9C57-497A-AACC-E2FD0C557B1B}
	EndGlobalSection
EndGlobal
