<?xml version="1.0" encoding="utf-8"?>
<Project ToolsVersion="4.0" xmlns="http://schemas.microsoft.com/developer/msbuild/2003">
  <ItemGroup>
    <Filter Include="Source Files">
      <UniqueIdentifier>{4FC737F1-C7A5-4376-A066-2A32D752A2FF}</UniqueIdentifier>
      <Extensions>cpp;c;cc;cxx;def;odl;idl;hpj;bat;asm;asmx</Extensions>
    </Filter>
    <Filter Include="Header Files">
      <UniqueIdentifier>{93995380-89BD-4b04-88EB-625FBE52EBFB}</UniqueIdentifier>
      <Extensions>h;hh;hpp;hxx;hm;inl;inc;ipp;xsd</Extensions>
    </Filter>
    <Filter Include="Resource Files">
      <UniqueIdentifier>{67DA6AB6-F800-4c08-8B7A-83BB121AAD01}</UniqueIdentifier>
      <Extensions>rc;ico;cur;bmp;dlg;rc2;rct;bin;rgs;gif;jpg;jpeg;jpe;resx;tiff;tif;png;wav;mfcribbon-ms</Extensions>
    </Filter>
    <Filter Include="common">
      <UniqueIdentifier>{837644a8-ec2f-4eba-bca0-1886e7dc6781}</UniqueIdentifier>
    </Filter>
    <Filter Include="shaderFiles">
      <UniqueIdentifier>{3ef9f130-3e64-4ec2-a2c3-e99d139727d0}</UniqueIdentifier>
    </Filter>
    <Filter Include="external_files">
      <UniqueIdentifier>{86305168-77f5-4fdf-a809-42b5f8faf428}</UniqueIdentifier>
    </Filter>
  </ItemGroup>
  <ItemGroup>
    <ClCompile Include="main.cpp">
      <Filter>Source Files</Filter>
    </ClCompile>
    <ClCompile Include="configVariables.cpp">
      <Filter>Source Files</Filter>
    </ClCompile>
    <ClCompile Include="GameObject.cpp">
      <Filter>Source Files</Filter>
    </ClCompile>
    <ClCompile Include="gameObjectCreation.cpp">
      <Filter>Source Files</Filter>
    </ClCompile>
    <ClCompile Include="enums.h">
      <Filter>Source Files</Filter>
    </ClCompile>
    <ClCompile Include="shaderVariants.cpp">
      <Filter>Source Files</Filter>
    </ClCompile>
    <ClCompile Include="glad.c">
      <Filter>external_files</Filter>
    </ClCompile>
    <ClCompile Include="stb_image.cpp">
      <Filter>external_files</Filter>
    </ClCompile>
  </ItemGroup>
  <ItemGroup>
    <ClInclude Include="configVariables.h">
      <Filter>Header Files</Filter>
    </ClInclude>
    <ClInclude Include="GameObject.h">
      <Filter>Header Files</Filter>
    </ClInclude>
    <ClInclude Include="forwardDeclaration.h">
      <Filter>Header Files</Filter>
    </ClInclude>
    <ClInclude Include="Shader.h">
      <Filter>Header Files</Filter>
    </ClInclude>
    <ClInclude Include="stb_image.h">
      <Filter>external_files</Filter>
    </ClInclude>
    <ClInclude Include="Camera.h">
      <Filter>external_files</Filter>
    </ClInclude>
  </ItemGroup>
  <ItemGroup>
    <None Include="shaderFiles\FRAGMENT_SIMPLE_1.fs">
      <Filter>shaderFiles</Filter>
    </None>
    <None Include="shaderFiles\VERTEX_SIMPLE.vs">
      <Filter>shaderFiles</Filter>
    </None>
    <None Include="shaderFiles\FRAGMENT_SIMPLE_TEXTURE.fs">
      <Filter>shaderFiles</Filter>
    </None>
    <None Include="shaderFiles\VERTEX_SIMPLE_TEXTURE.vs">
      <Filter>shaderFiles</Filter>
    </None>
    <None Include="shaderFiles\VERTEX_CAMERA.vs">
      <Filter>shaderFiles</Filter>
    </None>
    <None Include="shaderFiles\FRAGMENT_CAMERA.fs">
      <Filter>shaderFiles</Filter>
    </None>
  </ItemGroup>
</Project>